// !$*UTF8*$!
{
	archiveVersion = 1;
	classes = {
	};
	objectVersion = 56;
	objects = {

/* Begin PBXBuildFile section */
		1720A15E2A7A3145000E1E1B /* BookShelfViewController.swift in Sources */ = {isa = PBXBuildFile; fileRef = 1720A15D2A7A3145000E1E1B /* BookShelfViewController.swift */; };
		1720A1612A7A3188000E1E1B /* BookShelfTableViewCell.swift in Sources */ = {isa = PBXBuildFile; fileRef = 1720A15F2A7A3188000E1E1B /* BookShelfTableViewCell.swift */; };
		1720A1622A7A3188000E1E1B /* BookShelfTableViewCell.xib in Resources */ = {isa = PBXBuildFile; fileRef = 1720A1602A7A3188000E1E1B /* BookShelfTableViewCell.xib */; };
		1720A1672A7A3387000E1E1B /* BookShelfCollectionViewCell.swift in Sources */ = {isa = PBXBuildFile; fileRef = 1720A1652A7A3387000E1E1B /* BookShelfCollectionViewCell.swift */; };
		1720A1682A7A3387000E1E1B /* BookShelfCollectionViewCell.xib in Resources */ = {isa = PBXBuildFile; fileRef = 1720A1662A7A3387000E1E1B /* BookShelfCollectionViewCell.xib */; };
		1731D6212AA5B38700F8C5C7 /* Realm in Frameworks */ = {isa = PBXBuildFile; productRef = 1731D6202AA5B38700F8C5C7 /* Realm */; };
		1731D6232AA5B38700F8C5C7 /* RealmSwift in Frameworks */ = {isa = PBXBuildFile; productRef = 1731D6222AA5B38700F8C5C7 /* RealmSwift */; };
		1731D6252AA5B4E900F8C5C7 /* RealmModel.swift in Sources */ = {isa = PBXBuildFile; fileRef = 1731D6242AA5B4E900F8C5C7 /* RealmModel.swift */; };
		1731D6282AA5BBD600F8C5C7 /* CollectionViewDistributionID.swift in Sources */ = {isa = PBXBuildFile; fileRef = 1731D6272AA5BBD600F8C5C7 /* CollectionViewDistributionID.swift */; };
		1731D62C2AA614FC00F8C5C7 /* TotalBook.swift in Sources */ = {isa = PBXBuildFile; fileRef = 1731D62B2AA614FC00F8C5C7 /* TotalBook.swift */; };
		1781B9112A821D1100888E05 /* SwiftyJSON in Frameworks */ = {isa = PBXBuildFile; productRef = 1781B9102A821D1100888E05 /* SwiftyJSON */; };
		1781B9142A821D1E00888E05 /* Alamofire in Frameworks */ = {isa = PBXBuildFile; productRef = 1781B9132A821D1E00888E05 /* Alamofire */; };
		1781B9172A821E8100888E05 /* Kingfisher in Frameworks */ = {isa = PBXBuildFile; productRef = 1781B9162A821E8100888E05 /* Kingfisher */; };
		1781B91A2A821EB000888E05 /* KaKaoBookCollectionViewCell.swift in Sources */ = {isa = PBXBuildFile; fileRef = 1781B9182A821EB000888E05 /* KaKaoBookCollectionViewCell.swift */; };
		1781B91B2A821EB000888E05 /* KaKaoBookCollectionViewCell.xib in Resources */ = {isa = PBXBuildFile; fileRef = 1781B9192A821EB000888E05 /* KaKaoBookCollectionViewCell.xib */; };
		1781B9212A8238F300888E05 /* Kakao Book Model.swift in Sources */ = {isa = PBXBuildFile; fileRef = 1781B9202A8238F300888E05 /* Kakao Book Model.swift */; };
		178DA4E62A779BFE00FCFECB /* AppDelegate.swift in Sources */ = {isa = PBXBuildFile; fileRef = 178DA4E52A779BFE00FCFECB /* AppDelegate.swift */; };
		178DA4E82A779BFE00FCFECB /* SceneDelegate.swift in Sources */ = {isa = PBXBuildFile; fileRef = 178DA4E72A779BFE00FCFECB /* SceneDelegate.swift */; };
		178DA4ED2A779BFE00FCFECB /* Main.storyboard in Resources */ = {isa = PBXBuildFile; fileRef = 178DA4EB2A779BFE00FCFECB /* Main.storyboard */; };
		178DA4EF2A779BFF00FCFECB /* Assets.xcassets in Resources */ = {isa = PBXBuildFile; fileRef = 178DA4EE2A779BFF00FCFECB /* Assets.xcassets */; };
		178DA4F22A779BFF00FCFECB /* LaunchScreen.storyboard in Resources */ = {isa = PBXBuildFile; fileRef = 178DA4F02A779BFF00FCFECB /* LaunchScreen.storyboard */; };
		178DA4FA2A779D3600FCFECB /* BookWardmCollectionViewController.swift in Sources */ = {isa = PBXBuildFile; fileRef = 178DA4F92A779D3600FCFECB /* BookWardmCollectionViewController.swift */; };
		178DA4FF2A779D8B00FCFECB /* BookWarmCollectionViewCell.swift in Sources */ = {isa = PBXBuildFile; fileRef = 178DA4FD2A779D8B00FCFECB /* BookWarmCollectionViewCell.swift */; };
		178DA5002A779D8B00FCFECB /* BookWarmCollectionViewCell.xib in Resources */ = {isa = PBXBuildFile; fileRef = 178DA4FE2A779D8B00FCFECB /* BookWarmCollectionViewCell.xib */; };
		178DA5022A77A4B200FCFECB /* MovieData.swift in Sources */ = {isa = PBXBuildFile; fileRef = 178DA5012A77A4B200FCFECB /* MovieData.swift */; };
		178DA5042A77B18600FCFECB /* SearchViewController.swift in Sources */ = {isa = PBXBuildFile; fileRef = 178DA5032A77B18600FCFECB /* SearchViewController.swift */; };
		178DA5062A77B59500FCFECB /* DetailViewController.swift in Sources */ = {isa = PBXBuildFile; fileRef = 178DA5052A77B59500FCFECB /* DetailViewController.swift */; };
		17A5C1352AA722D700355054 /* BookWormViewController.swift in Sources */ = {isa = PBXBuildFile; fileRef = 17A5C1342AA722D700355054 /* BookWormViewController.swift */; };
		17A5C1382AA722F000355054 /* SnapKit in Frameworks */ = {isa = PBXBuildFile; productRef = 17A5C1372AA722F000355054 /* SnapKit */; };
		17A5C13A2AA7272200355054 /* Extension+CellID.swift in Sources */ = {isa = PBXBuildFile; fileRef = 17A5C1392AA7272200355054 /* Extension+CellID.swift */; };
		17A5C13E2AA72D8E00355054 /* APIMananger.swift in Sources */ = {isa = PBXBuildFile; fileRef = 17A5C13D2AA72D8E00355054 /* APIMananger.swift */; };
		17A5C1402AA7344C00355054 /* BookModel.swift in Sources */ = {isa = PBXBuildFile; fileRef = 17A5C13F2AA7344C00355054 /* BookModel.swift */; };
		17A5C1452AA7374000355054 /* .gitignore in Resources */ = {isa = PBXBuildFile; fileRef = 17A5C1442AA7374000355054 /* .gitignore */; };
		17A5C1472AA7375B00355054 /* APIKeys.swift in Sources */ = {isa = PBXBuildFile; fileRef = 17A5C1462AA7375B00355054 /* APIKeys.swift */; };
		17A5C1492AA74D2B00355054 /* BookDetailInfoViewController.swift in Sources */ = {isa = PBXBuildFile; fileRef = 17A5C1482AA74D2B00355054 /* BookDetailInfoViewController.swift */; };
		17A5C14E2AA74D9C00355054 /* CustomLabel.swift in Sources */ = {isa = PBXBuildFile; fileRef = 17A5C14D2AA74D9C00355054 /* CustomLabel.swift */; };
		17A5C1522AA7517F00355054 /* CustomTextView.swift in Sources */ = {isa = PBXBuildFile; fileRef = 17A5C1512AA7517F00355054 /* CustomTextView.swift */; };
		17A5C1542AA7823000355054 /* MyFavBookViewController.swift in Sources */ = {isa = PBXBuildFile; fileRef = 17A5C1532AA7823000355054 /* MyFavBookViewController.swift */; };
		17A5C1562AA78E3D00355054 /* FileManager+Extension.swift in Sources */ = {isa = PBXBuildFile; fileRef = 17A5C1552AA78E3D00355054 /* FileManager+Extension.swift */; };
		17BE43552A7A74450072FEA7 /* VCTransitionID.swift in Sources */ = {isa = PBXBuildFile; fileRef = 17BE43542A7A74450072FEA7 /* VCTransitionID.swift */; };
		17BE435D2A7BAE2D0072FEA7 /* Protocol.swift in Sources */ = {isa = PBXBuildFile; fileRef = 17BE435C2A7BAE2D0072FEA7 /* Protocol.swift */; };
		17BE43602A7BC65F0072FEA7 /* IQKeyboardManagerSwift in Frameworks */ = {isa = PBXBuildFile; productRef = 17BE435F2A7BC65F0072FEA7 /* IQKeyboardManagerSwift */; };
		17F724812A82660D009162D1 /* KaKaoBookShelfCollectionViewCell.swift in Sources */ = {isa = PBXBuildFile; fileRef = 17F7247F2A82660D009162D1 /* KaKaoBookShelfCollectionViewCell.swift */; };
		17F724822A82660D009162D1 /* KaKaoBookShelfCollectionViewCell.xib in Resources */ = {isa = PBXBuildFile; fileRef = 17F724802A82660D009162D1 /* KaKaoBookShelfCollectionViewCell.xib */; };
/* End PBXBuildFile section */

/* Begin PBXFileReference section */
		1720A15D2A7A3145000E1E1B /* BookShelfViewController.swift */ = {isa = PBXFileReference; lastKnownFileType = sourcecode.swift; path = BookShelfViewController.swift; sourceTree = "<group>"; };
		1720A15F2A7A3188000E1E1B /* BookShelfTableViewCell.swift */ = {isa = PBXFileReference; lastKnownFileType = sourcecode.swift; path = BookShelfTableViewCell.swift; sourceTree = "<group>"; };
		1720A1602A7A3188000E1E1B /* BookShelfTableViewCell.xib */ = {isa = PBXFileReference; lastKnownFileType = file.xib; path = BookShelfTableViewCell.xib; sourceTree = "<group>"; };
		1720A1652A7A3387000E1E1B /* BookShelfCollectionViewCell.swift */ = {isa = PBXFileReference; lastKnownFileType = sourcecode.swift; path = BookShelfCollectionViewCell.swift; sourceTree = "<group>"; };
		1720A1662A7A3387000E1E1B /* BookShelfCollectionViewCell.xib */ = {isa = PBXFileReference; lastKnownFileType = file.xib; path = BookShelfCollectionViewCell.xib; sourceTree = "<group>"; };
		1731D6242AA5B4E900F8C5C7 /* RealmModel.swift */ = {isa = PBXFileReference; lastKnownFileType = sourcecode.swift; path = RealmModel.swift; sourceTree = "<group>"; };
		1731D6272AA5BBD600F8C5C7 /* CollectionViewDistributionID.swift */ = {isa = PBXFileReference; lastKnownFileType = sourcecode.swift; path = CollectionViewDistributionID.swift; sourceTree = "<group>"; };
		1731D62B2AA614FC00F8C5C7 /* TotalBook.swift */ = {isa = PBXFileReference; lastKnownFileType = sourcecode.swift; path = TotalBook.swift; sourceTree = "<group>"; };
		1781B9182A821EB000888E05 /* KaKaoBookCollectionViewCell.swift */ = {isa = PBXFileReference; lastKnownFileType = sourcecode.swift; name = KaKaoBookCollectionViewCell.swift; path = XIB/KaKaoBookCollectionViewCell.swift; sourceTree = "<group>"; };
		1781B9192A821EB000888E05 /* KaKaoBookCollectionViewCell.xib */ = {isa = PBXFileReference; lastKnownFileType = file.xib; name = KaKaoBookCollectionViewCell.xib; path = XIB/KaKaoBookCollectionViewCell.xib; sourceTree = "<group>"; };
		1781B9202A8238F300888E05 /* Kakao Book Model.swift */ = {isa = PBXFileReference; lastKnownFileType = sourcecode.swift; path = "Kakao Book Model.swift"; sourceTree = "<group>"; };
		178DA4E22A779BFE00FCFECB /* Bookwarm.app */ = {isa = PBXFileReference; explicitFileType = wrapper.application; includeInIndex = 0; path = Bookwarm.app; sourceTree = BUILT_PRODUCTS_DIR; };
		178DA4E52A779BFE00FCFECB /* AppDelegate.swift */ = {isa = PBXFileReference; lastKnownFileType = sourcecode.swift; path = AppDelegate.swift; sourceTree = "<group>"; };
		178DA4E72A779BFE00FCFECB /* SceneDelegate.swift */ = {isa = PBXFileReference; lastKnownFileType = sourcecode.swift; path = SceneDelegate.swift; sourceTree = "<group>"; };
		178DA4EC2A779BFE00FCFECB /* Base */ = {isa = PBXFileReference; lastKnownFileType = file.storyboard; name = Base; path = Base.lproj/Main.storyboard; sourceTree = "<group>"; };
		178DA4EE2A779BFF00FCFECB /* Assets.xcassets */ = {isa = PBXFileReference; lastKnownFileType = folder.assetcatalog; path = Assets.xcassets; sourceTree = "<group>"; };
		178DA4F12A779BFF00FCFECB /* Base */ = {isa = PBXFileReference; lastKnownFileType = file.storyboard; name = Base; path = Base.lproj/LaunchScreen.storyboard; sourceTree = "<group>"; };
		178DA4F32A779BFF00FCFECB /* Info.plist */ = {isa = PBXFileReference; lastKnownFileType = text.plist.xml; path = Info.plist; sourceTree = "<group>"; };
		178DA4F92A779D3600FCFECB /* BookWardmCollectionViewController.swift */ = {isa = PBXFileReference; lastKnownFileType = sourcecode.swift; path = BookWardmCollectionViewController.swift; sourceTree = "<group>"; };
		178DA4FD2A779D8B00FCFECB /* BookWarmCollectionViewCell.swift */ = {isa = PBXFileReference; lastKnownFileType = sourcecode.swift; path = BookWarmCollectionViewCell.swift; sourceTree = "<group>"; };
		178DA4FE2A779D8B00FCFECB /* BookWarmCollectionViewCell.xib */ = {isa = PBXFileReference; lastKnownFileType = file.xib; path = BookWarmCollectionViewCell.xib; sourceTree = "<group>"; };
		178DA5012A77A4B200FCFECB /* MovieData.swift */ = {isa = PBXFileReference; lastKnownFileType = sourcecode.swift; path = MovieData.swift; sourceTree = "<group>"; };
		178DA5032A77B18600FCFECB /* SearchViewController.swift */ = {isa = PBXFileReference; lastKnownFileType = sourcecode.swift; path = SearchViewController.swift; sourceTree = SOURCE_ROOT; };
		178DA5052A77B59500FCFECB /* DetailViewController.swift */ = {isa = PBXFileReference; lastKnownFileType = sourcecode.swift; path = DetailViewController.swift; sourceTree = SOURCE_ROOT; };
		17A5C1342AA722D700355054 /* BookWormViewController.swift */ = {isa = PBXFileReference; lastKnownFileType = sourcecode.swift; path = BookWormViewController.swift; sourceTree = "<group>"; };
		17A5C1392AA7272200355054 /* Extension+CellID.swift */ = {isa = PBXFileReference; lastKnownFileType = sourcecode.swift; path = "Extension+CellID.swift"; sourceTree = "<group>"; };
		17A5C13D2AA72D8E00355054 /* APIMananger.swift */ = {isa = PBXFileReference; lastKnownFileType = sourcecode.swift; path = APIMananger.swift; sourceTree = "<group>"; };
		17A5C13F2AA7344C00355054 /* BookModel.swift */ = {isa = PBXFileReference; lastKnownFileType = sourcecode.swift; path = BookModel.swift; sourceTree = "<group>"; };
		17A5C1442AA7374000355054 /* .gitignore */ = {isa = PBXFileReference; lastKnownFileType = text; path = .gitignore; sourceTree = "<group>"; };
		17A5C1462AA7375B00355054 /* APIKeys.swift */ = {isa = PBXFileReference; lastKnownFileType = sourcecode.swift; path = APIKeys.swift; sourceTree = "<group>"; };
		17A5C1482AA74D2B00355054 /* BookDetailInfoViewController.swift */ = {isa = PBXFileReference; lastKnownFileType = sourcecode.swift; path = BookDetailInfoViewController.swift; sourceTree = "<group>"; };
		17A5C14D2AA74D9C00355054 /* CustomLabel.swift */ = {isa = PBXFileReference; lastKnownFileType = sourcecode.swift; path = CustomLabel.swift; sourceTree = "<group>"; };
		17A5C1512AA7517F00355054 /* CustomTextView.swift */ = {isa = PBXFileReference; lastKnownFileType = sourcecode.swift; path = CustomTextView.swift; sourceTree = "<group>"; };
		17A5C1532AA7823000355054 /* MyFavBookViewController.swift */ = {isa = PBXFileReference; lastKnownFileType = sourcecode.swift; path = MyFavBookViewController.swift; sourceTree = "<group>"; };
		17A5C1552AA78E3D00355054 /* FileManager+Extension.swift */ = {isa = PBXFileReference; lastKnownFileType = sourcecode.swift; path = "FileManager+Extension.swift"; sourceTree = "<group>"; };
		17BE43542A7A74450072FEA7 /* VCTransitionID.swift */ = {isa = PBXFileReference; lastKnownFileType = sourcecode.swift; path = VCTransitionID.swift; sourceTree = SOURCE_ROOT; };
		17BE435C2A7BAE2D0072FEA7 /* Protocol.swift */ = {isa = PBXFileReference; lastKnownFileType = sourcecode.swift; name = Protocol.swift; path = Cell/Protocol.swift; sourceTree = "<group>"; };
		17F7247F2A82660D009162D1 /* KaKaoBookShelfCollectionViewCell.swift */ = {isa = PBXFileReference; lastKnownFileType = sourcecode.swift; path = KaKaoBookShelfCollectionViewCell.swift; sourceTree = "<group>"; };
		17F724802A82660D009162D1 /* KaKaoBookShelfCollectionViewCell.xib */ = {isa = PBXFileReference; lastKnownFileType = file.xib; path = KaKaoBookShelfCollectionViewCell.xib; sourceTree = "<group>"; };
/* End PBXFileReference section */

/* Begin PBXFrameworksBuildPhase section */
		178DA4DF2A779BFE00FCFECB /* Frameworks */ = {
			isa = PBXFrameworksBuildPhase;
			buildActionMask = 2147483647;
			files = (
				1731D6232AA5B38700F8C5C7 /* RealmSwift in Frameworks */,
				1781B9172A821E8100888E05 /* Kingfisher in Frameworks */,
				1781B9142A821D1E00888E05 /* Alamofire in Frameworks */,
				17A5C1382AA722F000355054 /* SnapKit in Frameworks */,
				1781B9112A821D1100888E05 /* SwiftyJSON in Frameworks */,
				17BE43602A7BC65F0072FEA7 /* IQKeyboardManagerSwift in Frameworks */,
				1731D6212AA5B38700F8C5C7 /* Realm in Frameworks */,
			);
			runOnlyForDeploymentPostprocessing = 0;
		};
/* End PBXFrameworksBuildPhase section */

/* Begin PBXGroup section */
		1720A1632A7A31B8000E1E1B /* XIB */ = {
			isa = PBXGroup;
			children = (
				178DA4FE2A779D8B00FCFECB /* BookWarmCollectionViewCell.xib */,
				1720A1662A7A3387000E1E1B /* BookShelfCollectionViewCell.xib */,
				1720A1602A7A3188000E1E1B /* BookShelfTableViewCell.xib */,
			);
			path = XIB;
			sourceTree = "<group>";
		};
		1720A1642A7A31DB000E1E1B /* Cell */ = {
			isa = PBXGroup;
			children = (
				178DA4FD2A779D8B00FCFECB /* BookWarmCollectionViewCell.swift */,
				1720A1652A7A3387000E1E1B /* BookShelfCollectionViewCell.swift */,
				1720A15F2A7A3188000E1E1B /* BookShelfTableViewCell.swift */,
			);
			path = Cell;
			sourceTree = "<group>";
		};
		1731D6262AA5BB9600F8C5C7 /* WithRealm */ = {
			isa = PBXGroup;
			children = (
				17A5C14A2AA74D7D00355054 /* CustomUI */,
				17A5C1332AA722C800355054 /* VC */,
				17A5C13C2AA728E200355054 /* Model */,
				1731D6272AA5BBD600F8C5C7 /* CollectionViewDistributionID.swift */,
				17A5C13B2AA728D300355054 /* Extension */,
				17A5C1412AA736EB00355054 /* Network */,
			);
			path = WithRealm;
			sourceTree = "<group>";
		};
		178DA4D92A779BFE00FCFECB = {
			isa = PBXGroup;
			children = (
				178DA4E42A779BFE00FCFECB /* Bookwarm */,
				178DA4E32A779BFE00FCFECB /* Products */,
			);
			sourceTree = "<group>";
		};
		178DA4E32A779BFE00FCFECB /* Products */ = {
			isa = PBXGroup;
			children = (
				178DA4E22A779BFE00FCFECB /* Bookwarm.app */,
			);
			name = Products;
			sourceTree = "<group>";
		};
		178DA4E42A779BFE00FCFECB /* Bookwarm */ = {
			isa = PBXGroup;
			children = (
				1731D6262AA5BB9600F8C5C7 /* WithRealm */,
				1781B9182A821EB000888E05 /* KaKaoBookCollectionViewCell.swift */,
				1781B9202A8238F300888E05 /* Kakao Book Model.swift */,
				1731D62B2AA614FC00F8C5C7 /* TotalBook.swift */,
				1781B9192A821EB000888E05 /* KaKaoBookCollectionViewCell.xib */,
				17BE435C2A7BAE2D0072FEA7 /* Protocol.swift */,
				17BE43542A7A74450072FEA7 /* VCTransitionID.swift */,
				178DA5052A77B59500FCFECB /* DetailViewController.swift */,
				178DA5032A77B18600FCFECB /* SearchViewController.swift */,
				178DA4E52A779BFE00FCFECB /* AppDelegate.swift */,
				178DA4E72A779BFE00FCFECB /* SceneDelegate.swift */,
				178DA4EB2A779BFE00FCFECB /* Main.storyboard */,
				17F7247F2A82660D009162D1 /* KaKaoBookShelfCollectionViewCell.swift */,
				17F724802A82660D009162D1 /* KaKaoBookShelfCollectionViewCell.xib */,
				1720A1642A7A31DB000E1E1B /* Cell */,
				1720A1632A7A31B8000E1E1B /* XIB */,
				178DA5012A77A4B200FCFECB /* MovieData.swift */,
				178DA4EE2A779BFF00FCFECB /* Assets.xcassets */,
				178DA4F92A779D3600FCFECB /* BookWardmCollectionViewController.swift */,
				178DA4F02A779BFF00FCFECB /* LaunchScreen.storyboard */,
				1720A15D2A7A3145000E1E1B /* BookShelfViewController.swift */,
				178DA4F32A779BFF00FCFECB /* Info.plist */,
				17A5C1442AA7374000355054 /* .gitignore */,
			);
			path = Bookwarm;
			sourceTree = "<group>";
		};
		17A5C1332AA722C800355054 /* VC */ = {
			isa = PBXGroup;
			children = (
				17A5C1342AA722D700355054 /* BookWormViewController.swift */,
				17A5C1482AA74D2B00355054 /* BookDetailInfoViewController.swift */,
				17A5C1532AA7823000355054 /* MyFavBookViewController.swift */,
			);
			path = VC;
			sourceTree = "<group>";
		};
		17A5C13B2AA728D300355054 /* Extension */ = {
			isa = PBXGroup;
			children = (
				17A5C1392AA7272200355054 /* Extension+CellID.swift */,
				17A5C1552AA78E3D00355054 /* FileManager+Extension.swift */,
			);
			path = Extension;
			sourceTree = "<group>";
		};
		17A5C13C2AA728E200355054 /* Model */ = {
			isa = PBXGroup;
			children = (
				17A5C13F2AA7344C00355054 /* BookModel.swift */,
				1731D6242AA5B4E900F8C5C7 /* RealmModel.swift */,
			);
			path = Model;
			sourceTree = "<group>";
		};
		17A5C1412AA736EB00355054 /* Network */ = {
			isa = PBXGroup;
			children = (
				17A5C13D2AA72D8E00355054 /* APIMananger.swift */,
				17A5C1462AA7375B00355054 /* APIKeys.swift */,
			);
			path = Network;
			sourceTree = "<group>";
		};
		17A5C14A2AA74D7D00355054 /* CustomUI */ = {
			isa = PBXGroup;
			children = (
				17A5C14D2AA74D9C00355054 /* CustomLabel.swift */,
				17A5C1512AA7517F00355054 /* CustomTextView.swift */,
			);
			path = CustomUI;
			sourceTree = "<group>";
		};
/* End PBXGroup section */

/* Begin PBXNativeTarget section */
		178DA4E12A779BFE00FCFECB /* Bookwarm */ = {
			isa = PBXNativeTarget;
			buildConfigurationList = 178DA4F62A779BFF00FCFECB /* Build configuration list for PBXNativeTarget "Bookwarm" */;
			buildPhases = (
				178DA4DE2A779BFE00FCFECB /* Sources */,
				178DA4DF2A779BFE00FCFECB /* Frameworks */,
				178DA4E02A779BFE00FCFECB /* Resources */,
			);
			buildRules = (
			);
			dependencies = (
			);
			name = Bookwarm;
			packageProductDependencies = (
				17BE435F2A7BC65F0072FEA7 /* IQKeyboardManagerSwift */,
				1781B9102A821D1100888E05 /* SwiftyJSON */,
				1781B9132A821D1E00888E05 /* Alamofire */,
				1781B9162A821E8100888E05 /* Kingfisher */,
				1731D6202AA5B38700F8C5C7 /* Realm */,
				1731D6222AA5B38700F8C5C7 /* RealmSwift */,
				17A5C1372AA722F000355054 /* SnapKit */,
			);
			productName = Bookwarm;
			productReference = 178DA4E22A779BFE00FCFECB /* Bookwarm.app */;
			productType = "com.apple.product-type.application";
		};
/* End PBXNativeTarget section */

/* Begin PBXProject section */
		178DA4DA2A779BFE00FCFECB /* Project object */ = {
			isa = PBXProject;
			attributes = {
				BuildIndependentTargetsInParallel = 1;
				LastSwiftUpdateCheck = 1430;
				LastUpgradeCheck = 1430;
				TargetAttributes = {
					178DA4E12A779BFE00FCFECB = {
						CreatedOnToolsVersion = 14.3.1;
					};
				};
			};
			buildConfigurationList = 178DA4DD2A779BFE00FCFECB /* Build configuration list for PBXProject "Bookwarm" */;
			compatibilityVersion = "Xcode 14.0";
			developmentRegion = en;
			hasScannedForEncodings = 0;
			knownRegions = (
				en,
				Base,
			);
			mainGroup = 178DA4D92A779BFE00FCFECB;
			packageReferences = (
				17BE435E2A7BC65F0072FEA7 /* XCRemoteSwiftPackageReference "IQKeyboardManager" */,
				1781B90F2A821D1100888E05 /* XCRemoteSwiftPackageReference "SwiftyJSON" */,
				1781B9122A821D1E00888E05 /* XCRemoteSwiftPackageReference "Alamofire" */,
				1781B9152A821E8100888E05 /* XCRemoteSwiftPackageReference "Kingfisher" */,
				1731D61F2AA5B38700F8C5C7 /* XCRemoteSwiftPackageReference "realm-swift" */,
				17A5C1362AA722F000355054 /* XCRemoteSwiftPackageReference "SnapKit" */,
			);
			productRefGroup = 178DA4E32A779BFE00FCFECB /* Products */;
			projectDirPath = "";
			projectRoot = "";
			targets = (
				178DA4E12A779BFE00FCFECB /* Bookwarm */,
			);
		};
/* End PBXProject section */

/* Begin PBXResourcesBuildPhase section */
		178DA4E02A779BFE00FCFECB /* Resources */ = {
			isa = PBXResourcesBuildPhase;
			buildActionMask = 2147483647;
			files = (
				17F724822A82660D009162D1 /* KaKaoBookShelfCollectionViewCell.xib in Resources */,
				178DA5002A779D8B00FCFECB /* BookWarmCollectionViewCell.xib in Resources */,
				178DA4F22A779BFF00FCFECB /* LaunchScreen.storyboard in Resources */,
				1720A1682A7A3387000E1E1B /* BookShelfCollectionViewCell.xib in Resources */,
				178DA4EF2A779BFF00FCFECB /* Assets.xcassets in Resources */,
				1781B91B2A821EB000888E05 /* KaKaoBookCollectionViewCell.xib in Resources */,
				1720A1622A7A3188000E1E1B /* BookShelfTableViewCell.xib in Resources */,
				17A5C1452AA7374000355054 /* .gitignore in Resources */,
				178DA4ED2A779BFE00FCFECB /* Main.storyboard in Resources */,
			);
			runOnlyForDeploymentPostprocessing = 0;
		};
/* End PBXResourcesBuildPhase section */

/* Begin PBXSourcesBuildPhase section */
		178DA4DE2A779BFE00FCFECB /* Sources */ = {
			isa = PBXSourcesBuildPhase;
			buildActionMask = 2147483647;
			files = (
				17A5C1522AA7517F00355054 /* CustomTextView.swift in Sources */,
				178DA5022A77A4B200FCFECB /* MovieData.swift in Sources */,
				1781B9212A8238F300888E05 /* Kakao Book Model.swift in Sources */,
				178DA5042A77B18600FCFECB /* SearchViewController.swift in Sources */,
				17A5C1352AA722D700355054 /* BookWormViewController.swift in Sources */,
				17A5C1562AA78E3D00355054 /* FileManager+Extension.swift in Sources */,
				17A5C1402AA7344C00355054 /* BookModel.swift in Sources */,
				17A5C1472AA7375B00355054 /* APIKeys.swift in Sources */,
				17A5C1492AA74D2B00355054 /* BookDetailInfoViewController.swift in Sources */,
				1731D6282AA5BBD600F8C5C7 /* CollectionViewDistributionID.swift in Sources */,
				17A5C14E2AA74D9C00355054 /* CustomLabel.swift in Sources */,
				17BE435D2A7BAE2D0072FEA7 /* Protocol.swift in Sources */,
				17BE43552A7A74450072FEA7 /* VCTransitionID.swift in Sources */,
				17A5C1542AA7823000355054 /* MyFavBookViewController.swift in Sources */,
				1720A1672A7A3387000E1E1B /* BookShelfCollectionViewCell.swift in Sources */,
				1731D62C2AA614FC00F8C5C7 /* TotalBook.swift in Sources */,
				178DA4E62A779BFE00FCFECB /* AppDelegate.swift in Sources */,
				178DA4E82A779BFE00FCFECB /* SceneDelegate.swift in Sources */,
				1720A15E2A7A3145000E1E1B /* BookShelfViewController.swift in Sources */,
				1781B91A2A821EB000888E05 /* KaKaoBookCollectionViewCell.swift in Sources */,
				178DA4FF2A779D8B00FCFECB /* BookWarmCollectionViewCell.swift in Sources */,
				17F724812A82660D009162D1 /* KaKaoBookShelfCollectionViewCell.swift in Sources */,
				178DA4FA2A779D3600FCFECB /* BookWardmCollectionViewController.swift in Sources */,
				1731D6252AA5B4E900F8C5C7 /* RealmModel.swift in Sources */,
				1720A1612A7A3188000E1E1B /* BookShelfTableViewCell.swift in Sources */,
				17A5C13A2AA7272200355054 /* Extension+CellID.swift in Sources */,
				17A5C13E2AA72D8E00355054 /* APIMananger.swift in Sources */,
				178DA5062A77B59500FCFECB /* DetailViewController.swift in Sources */,
			);
			runOnlyForDeploymentPostprocessing = 0;
		};
/* End PBXSourcesBuildPhase section */

/* Begin PBXVariantGroup section */
		178DA4EB2A779BFE00FCFECB /* Main.storyboard */ = {
			isa = PBXVariantGroup;
			children = (
				178DA4EC2A779BFE00FCFECB /* Base */,
			);
			name = Main.storyboard;
			sourceTree = "<group>";
		};
		178DA4F02A779BFF00FCFECB /* LaunchScreen.storyboard */ = {
			isa = PBXVariantGroup;
			children = (
				178DA4F12A779BFF00FCFECB /* Base */,
			);
			name = LaunchScreen.storyboard;
			sourceTree = "<group>";
		};
/* End PBXVariantGroup section */

/* Begin XCBuildConfiguration section */
		178DA4F42A779BFF00FCFECB /* Debug */ = {
			isa = XCBuildConfiguration;
			buildSettings = {
				ALWAYS_SEARCH_USER_PATHS = NO;
				CLANG_ANALYZER_NONNULL = YES;
				CLANG_ANALYZER_NUMBER_OBJECT_CONVERSION = YES_AGGRESSIVE;
				CLANG_CXX_LANGUAGE_STANDARD = "gnu++20";
				CLANG_ENABLE_MODULES = YES;
				CLANG_ENABLE_OBJC_ARC = YES;
				CLANG_ENABLE_OBJC_WEAK = YES;
				CLANG_WARN_BLOCK_CAPTURE_AUTORELEASING = YES;
				CLANG_WARN_BOOL_CONVERSION = YES;
				CLANG_WARN_COMMA = YES;
				CLANG_WARN_CONSTANT_CONVERSION = YES;
				CLANG_WARN_DEPRECATED_OBJC_IMPLEMENTATIONS = YES;
				CLANG_WARN_DIRECT_OBJC_ISA_USAGE = YES_ERROR;
				CLANG_WARN_DOCUMENTATION_COMMENTS = YES;
				CLANG_WARN_EMPTY_BODY = YES;
				CLANG_WARN_ENUM_CONVERSION = YES;
				CLANG_WARN_INFINITE_RECURSION = YES;
				CLANG_WARN_INT_CONVERSION = YES;
				CLANG_WARN_NON_LITERAL_NULL_CONVERSION = YES;
				CLANG_WARN_OBJC_IMPLICIT_RETAIN_SELF = YES;
				CLANG_WARN_OBJC_LITERAL_CONVERSION = YES;
				CLANG_WARN_OBJC_ROOT_CLASS = YES_ERROR;
				CLANG_WARN_QUOTED_INCLUDE_IN_FRAMEWORK_HEADER = YES;
				CLANG_WARN_RANGE_LOOP_ANALYSIS = YES;
				CLANG_WARN_STRICT_PROTOTYPES = YES;
				CLANG_WARN_SUSPICIOUS_MOVE = YES;
				CLANG_WARN_UNGUARDED_AVAILABILITY = YES_AGGRESSIVE;
				CLANG_WARN_UNREACHABLE_CODE = YES;
				CLANG_WARN__DUPLICATE_METHOD_MATCH = YES;
				COPY_PHASE_STRIP = NO;
				DEBUG_INFORMATION_FORMAT = dwarf;
				ENABLE_STRICT_OBJC_MSGSEND = YES;
				ENABLE_TESTABILITY = YES;
				GCC_C_LANGUAGE_STANDARD = gnu11;
				GCC_DYNAMIC_NO_PIC = NO;
				GCC_NO_COMMON_BLOCKS = YES;
				GCC_OPTIMIZATION_LEVEL = 0;
				GCC_PREPROCESSOR_DEFINITIONS = (
					"DEBUG=1",
					"$(inherited)",
				);
				GCC_WARN_64_TO_32_BIT_CONVERSION = YES;
				GCC_WARN_ABOUT_RETURN_TYPE = YES_ERROR;
				GCC_WARN_UNDECLARED_SELECTOR = YES;
				GCC_WARN_UNINITIALIZED_AUTOS = YES_AGGRESSIVE;
				GCC_WARN_UNUSED_FUNCTION = YES;
				GCC_WARN_UNUSED_VARIABLE = YES;
				IPHONEOS_DEPLOYMENT_TARGET = 16.4;
				MTL_ENABLE_DEBUG_INFO = INCLUDE_SOURCE;
				MTL_FAST_MATH = YES;
				ONLY_ACTIVE_ARCH = YES;
				SDKROOT = iphoneos;
				SWIFT_ACTIVE_COMPILATION_CONDITIONS = DEBUG;
				SWIFT_OPTIMIZATION_LEVEL = "-Onone";
			};
			name = Debug;
		};
		178DA4F52A779BFF00FCFECB /* Release */ = {
			isa = XCBuildConfiguration;
			buildSettings = {
				ALWAYS_SEARCH_USER_PATHS = NO;
				CLANG_ANALYZER_NONNULL = YES;
				CLANG_ANALYZER_NUMBER_OBJECT_CONVERSION = YES_AGGRESSIVE;
				CLANG_CXX_LANGUAGE_STANDARD = "gnu++20";
				CLANG_ENABLE_MODULES = YES;
				CLANG_ENABLE_OBJC_ARC = YES;
				CLANG_ENABLE_OBJC_WEAK = YES;
				CLANG_WARN_BLOCK_CAPTURE_AUTORELEASING = YES;
				CLANG_WARN_BOOL_CONVERSION = YES;
				CLANG_WARN_COMMA = YES;
				CLANG_WARN_CONSTANT_CONVERSION = YES;
				CLANG_WARN_DEPRECATED_OBJC_IMPLEMENTATIONS = YES;
				CLANG_WARN_DIRECT_OBJC_ISA_USAGE = YES_ERROR;
				CLANG_WARN_DOCUMENTATION_COMMENTS = YES;
				CLANG_WARN_EMPTY_BODY = YES;
				CLANG_WARN_ENUM_CONVERSION = YES;
				CLANG_WARN_INFINITE_RECURSION = YES;
				CLANG_WARN_INT_CONVERSION = YES;
				CLANG_WARN_NON_LITERAL_NULL_CONVERSION = YES;
				CLANG_WARN_OBJC_IMPLICIT_RETAIN_SELF = YES;
				CLANG_WARN_OBJC_LITERAL_CONVERSION = YES;
				CLANG_WARN_OBJC_ROOT_CLASS = YES_ERROR;
				CLANG_WARN_QUOTED_INCLUDE_IN_FRAMEWORK_HEADER = YES;
				CLANG_WARN_RANGE_LOOP_ANALYSIS = YES;
				CLANG_WARN_STRICT_PROTOTYPES = YES;
				CLANG_WARN_SUSPICIOUS_MOVE = YES;
				CLANG_WARN_UNGUARDED_AVAILABILITY = YES_AGGRESSIVE;
				CLANG_WARN_UNREACHABLE_CODE = YES;
				CLANG_WARN__DUPLICATE_METHOD_MATCH = YES;
				COPY_PHASE_STRIP = NO;
				DEBUG_INFORMATION_FORMAT = "dwarf-with-dsym";
				ENABLE_NS_ASSERTIONS = NO;
				ENABLE_STRICT_OBJC_MSGSEND = YES;
				GCC_C_LANGUAGE_STANDARD = gnu11;
				GCC_NO_COMMON_BLOCKS = YES;
				GCC_WARN_64_TO_32_BIT_CONVERSION = YES;
				GCC_WARN_ABOUT_RETURN_TYPE = YES_ERROR;
				GCC_WARN_UNDECLARED_SELECTOR = YES;
				GCC_WARN_UNINITIALIZED_AUTOS = YES_AGGRESSIVE;
				GCC_WARN_UNUSED_FUNCTION = YES;
				GCC_WARN_UNUSED_VARIABLE = YES;
				IPHONEOS_DEPLOYMENT_TARGET = 16.4;
				MTL_ENABLE_DEBUG_INFO = NO;
				MTL_FAST_MATH = YES;
				SDKROOT = iphoneos;
				SWIFT_COMPILATION_MODE = wholemodule;
				SWIFT_OPTIMIZATION_LEVEL = "-O";
				VALIDATE_PRODUCT = YES;
			};
			name = Release;
		};
		178DA4F72A779BFF00FCFECB /* Debug */ = {
			isa = XCBuildConfiguration;
			buildSettings = {
				ASSETCATALOG_COMPILER_APPICON_NAME = AppIcon;
				ASSETCATALOG_COMPILER_GLOBAL_ACCENT_COLOR_NAME = AccentColor;
				CODE_SIGN_STYLE = Automatic;
				CURRENT_PROJECT_VERSION = 1;
				DEVELOPMENT_TEAM = H5BHKL6637;
				GENERATE_INFOPLIST_FILE = YES;
				INFOPLIST_FILE = Bookwarm/Info.plist;
				INFOPLIST_KEY_UIApplicationSupportsIndirectInputEvents = YES;
				INFOPLIST_KEY_UILaunchStoryboardName = LaunchScreen;
				INFOPLIST_KEY_UISupportedInterfaceOrientations_iPad = "UIInterfaceOrientationPortrait UIInterfaceOrientationPortraitUpsideDown UIInterfaceOrientationLandscapeLeft UIInterfaceOrientationLandscapeRight";
				INFOPLIST_KEY_UISupportedInterfaceOrientations_iPhone = "UIInterfaceOrientationPortrait UIInterfaceOrientationLandscapeLeft UIInterfaceOrientationLandscapeRight";
				LD_RUNPATH_SEARCH_PATHS = (
					"$(inherited)",
					"@executable_path/Frameworks",
				);
				MARKETING_VERSION = 1.0;
				PRODUCT_BUNDLE_IDENTIFIER = com.hyeonseok.Bookwarm;
				PRODUCT_NAME = "$(TARGET_NAME)";
				SWIFT_EMIT_LOC_STRINGS = YES;
				SWIFT_VERSION = 5.0;
				TARGETED_DEVICE_FAMILY = "1,2";
			};
			name = Debug;
		};
		178DA4F82A779BFF00FCFECB /* Release */ = {
			isa = XCBuildConfiguration;
			buildSettings = {
				ASSETCATALOG_COMPILER_APPICON_NAME = AppIcon;
				ASSETCATALOG_COMPILER_GLOBAL_ACCENT_COLOR_NAME = AccentColor;
				CODE_SIGN_STYLE = Automatic;
				CURRENT_PROJECT_VERSION = 1;
				DEVELOPMENT_TEAM = H5BHKL6637;
				GENERATE_INFOPLIST_FILE = YES;
				INFOPLIST_FILE = Bookwarm/Info.plist;
				INFOPLIST_KEY_UIApplicationSupportsIndirectInputEvents = YES;
				INFOPLIST_KEY_UILaunchStoryboardName = LaunchScreen;
				INFOPLIST_KEY_UISupportedInterfaceOrientations_iPad = "UIInterfaceOrientationPortrait UIInterfaceOrientationPortraitUpsideDown UIInterfaceOrientationLandscapeLeft UIInterfaceOrientationLandscapeRight";
				INFOPLIST_KEY_UISupportedInterfaceOrientations_iPhone = "UIInterfaceOrientationPortrait UIInterfaceOrientationLandscapeLeft UIInterfaceOrientationLandscapeRight";
				LD_RUNPATH_SEARCH_PATHS = (
					"$(inherited)",
					"@executable_path/Frameworks",
				);
				MARKETING_VERSION = 1.0;
				PRODUCT_BUNDLE_IDENTIFIER = com.hyeonseok.Bookwarm;
				PRODUCT_NAME = "$(TARGET_NAME)";
				SWIFT_EMIT_LOC_STRINGS = YES;
				SWIFT_VERSION = 5.0;
				TARGETED_DEVICE_FAMILY = "1,2";
			};
			name = Release;
		};
/* End XCBuildConfiguration section */

/* Begin XCConfigurationList section */
		178DA4DD2A779BFE00FCFECB /* Build configuration list for PBXProject "Bookwarm" */ = {
			isa = XCConfigurationList;
			buildConfigurations = (
				178DA4F42A779BFF00FCFECB /* Debug */,
				178DA4F52A779BFF00FCFECB /* Release */,
			);
			defaultConfigurationIsVisible = 0;
			defaultConfigurationName = Release;
		};
		178DA4F62A779BFF00FCFECB /* Build configuration list for PBXNativeTarget "Bookwarm" */ = {
			isa = XCConfigurationList;
			buildConfigurations = (
				178DA4F72A779BFF00FCFECB /* Debug */,
				178DA4F82A779BFF00FCFECB /* Release */,
			);
			defaultConfigurationIsVisible = 0;
			defaultConfigurationName = Release;
		};
/* End XCConfigurationList section */

/* Begin XCRemoteSwiftPackageReference section */
		1731D61F2AA5B38700F8C5C7 /* XCRemoteSwiftPackageReference "realm-swift" */ = {
			isa = XCRemoteSwiftPackageReference;
			repositoryURL = "https://github.com/realm/realm-swift.git";
			requirement = {
				kind = exactVersion;
				version = 10.42.1;
			};
		};
		1781B90F2A821D1100888E05 /* XCRemoteSwiftPackageReference "SwiftyJSON" */ = {
			isa = XCRemoteSwiftPackageReference;
			repositoryURL = "https://github.com/SwiftyJSON/SwiftyJSON.git";
			requirement = {
				kind = upToNextMajorVersion;
				minimumVersion = 5.0.0;
			};
		};
		1781B9122A821D1E00888E05 /* XCRemoteSwiftPackageReference "Alamofire" */ = {
			isa = XCRemoteSwiftPackageReference;
			repositoryURL = "https://github.com/Alamofire/Alamofire.git";
			requirement = {
				kind = upToNextMajorVersion;
				minimumVersion = 5.0.0;
			};
		};
		1781B9152A821E8100888E05 /* XCRemoteSwiftPackageReference "Kingfisher" */ = {
			isa = XCRemoteSwiftPackageReference;
			repositoryURL = "https://github.com/onevcat/Kingfisher.git";
			requirement = {
				kind = upToNextMajorVersion;
				minimumVersion = 7.0.0;
			};
		};
		17A5C1362AA722F000355054 /* XCRemoteSwiftPackageReference "SnapKit" */ = {
			isa = XCRemoteSwiftPackageReference;
			repositoryURL = "https://github.com/SnapKit/SnapKit.git";
			requirement = {
				kind = upToNextMajorVersion;
				minimumVersion = 5.0.0;
			};
		};
		17BE435E2A7BC65F0072FEA7 /* XCRemoteSwiftPackageReference "IQKeyboardManager" */ = {
			isa = XCRemoteSwiftPackageReference;
			repositoryURL = "https://github.com/hackiftekhar/IQKeyboardManager";
			requirement = {
				kind = upToNextMajorVersion;
				minimumVersion = 6.5.0;
			};
		};
/* End XCRemoteSwiftPackageReference section */

/* Begin XCSwiftPackageProductDependency section */
		1731D6202AA5B38700F8C5C7 /* Realm */ = {
			isa = XCSwiftPackageProductDependency;
			package = 1731D61F2AA5B38700F8C5C7 /* XCRemoteSwiftPackageReference "realm-swift" */;
			productName = Realm;
		};
		1731D6222AA5B38700F8C5C7 /* RealmSwift */ = {
			isa = XCSwiftPackageProductDependency;
			package = 1731D61F2AA5B38700F8C5C7 /* XCRemoteSwiftPackageReference "realm-swift" */;
			productName = RealmSwift;
		};
		1781B9102A821D1100888E05 /* SwiftyJSON */ = {
			isa = XCSwiftPackageProductDependency;
			package = 1781B90F2A821D1100888E05 /* XCRemoteSwiftPackageReference "SwiftyJSON" */;
			productName = SwiftyJSON;
		};
		1781B9132A821D1E00888E05 /* Alamofire */ = {
			isa = XCSwiftPackageProductDependency;
			package = 1781B9122A821D1E00888E05 /* XCRemoteSwiftPackageReference "Alamofire" */;
			productName = Alamofire;
		};
		1781B9162A821E8100888E05 /* Kingfisher */ = {
			isa = XCSwiftPackageProductDependency;
			package = 1781B9152A821E8100888E05 /* XCRemoteSwiftPackageReference "Kingfisher" */;
			productName = Kingfisher;
		};
		17A5C1372AA722F000355054 /* SnapKit */ = {
			isa = XCSwiftPackageProductDependency;
			package = 17A5C1362AA722F000355054 /* XCRemoteSwiftPackageReference "SnapKit" */;
			productName = SnapKit;
		};
		17BE435F2A7BC65F0072FEA7 /* IQKeyboardManagerSwift */ = {
			isa = XCSwiftPackageProductDependency;
			package = 17BE435E2A7BC65F0072FEA7 /* XCRemoteSwiftPackageReference "IQKeyboardManager" */;
			productName = IQKeyboardManagerSwift;
		};
/* End XCSwiftPackageProductDependency section */
	};
	rootObject = 178DA4DA2A779BFE00FCFECB /* Project object */;
}
